{
  "originHash" : "7443100f506838b9cac04e6f31d6511df7a250fae7c55fbd9e780dd88c084f2a",
  "pins" : [
    {
      "identity" : "kingfisher",
      "kind" : "remoteSourceControl",
      "location" : "https://github.com/onevcat/Kingfisher.git",
      "state" : {
        "revision" : "410984bf301f4fa224fe56277b3f8672cc465c79",
        "version" : "8.11.0"
      }
    },
    {
      "identity" : "rxauthswift",
      "kind" : "remoteSourceControl",
      "location" : "https://github.com/rxtech-lab/RxAuthSwift",
      "state" : {
        "revision" : "32b9615ac69bd4be9bc25b0883441e8fd2d7784b",
        "version" : "1.2.0"
      }
    },
    {
      "identity" : "rxsubscriptionios",
      "kind" : "remoteSourceControl",
      "location" : "https://github.com/rxtech-lab/RxSubscriptionIOS.git",
      "state" : {
        "revision" : "da227dbca9edf3476f3221461383beadd97d3390",
        "version" : "1.0.0"
      }
    },
    {
      "identity" : "svgview",
      "kind" : "remoteSourceControl",
      "location" : "https://github.com/exyte/SVGView.git",
      "state" : {
        "revision" : "6465962facdd25cb96eaebc35603afa2f15d2c0d",
        "version" : "1.0.6"
      }
    },
    {
      "identity" : "swift-log",
      "kind" : "remoteSourceControl",
      "location" : "https://github.com/apple/swift-log.git",
      "state" : {
        "revision" : "3ffafb9722d5d918c614feb496c8789a3b59d222",
        "version" : "1.15.0"
      }
    }
  ],
  "version" : 3
}
