// !$*UTF8*$!
{
	archiveVersion = 1;
	classes = {
	};
	objectVersion = 77;
	objects = {

/* Begin PBXBuildFile section */
		02229E3D7ED5D801BB5348BB /* QuickHTTPTransport.swift in Sources */ = {isa = PBXBuildFile; fileRef = 630BD9F3FF2B7870AD961E48 /* QuickHTTPTransport.swift */; };
		024E2790F8CE42CEC457DC7B /* QuickHTTPTransport.swift in Sources */ = {isa = PBXBuildFile; fileRef = 630BD9F3FF2B7870AD961E48 /* QuickHTTPTransport.swift */; };
		07FAB9AB5CC6079A934AF278 /* icon.icon in Resources */ = {isa = PBXBuildFile; fileRef = DFD446B330404667007C420E /* icon.icon */; };
		09EBCD02E3192CC7AEA76FC2 /* StickerShareRoute.swift in Sources */ = {isa = PBXBuildFile; fileRef = EC090F470A9044567FCB4CFD /* StickerShareRoute.swift */; };
		12587BD4C5963F6263F2D8E3 /* QuickGenerationClient.swift in Sources */ = {isa = PBXBuildFile; fileRef = 3E03547049FE2AC330CA3D60 /* QuickGenerationClient.swift */; };
		18833EAAA38B87EF10BF486A /* StickerShareRoute.swift in Sources */ = {isa = PBXBuildFile; fileRef = EC090F470A9044567FCB4CFD /* StickerShareRoute.swift */; };
		20C1D2D4C5444ECB21791886 /* StickerShareRoute.swift in Sources */ = {isa = PBXBuildFile; fileRef = EC090F470A9044567FCB4CFD /* StickerShareRoute.swift */; };
		2488732A18C574F087BBB592 /* StickerAppClipApp.swift in Sources */ = {isa = PBXBuildFile; fileRef = 6BF3DC6F804404647D42EF30 /* StickerAppClipApp.swift */; };
		29CE69F8BFE2E35517368607 /* QuickGenerationClient.swift in Sources */ = {isa = PBXBuildFile; fileRef = 3E03547049FE2AC330CA3D60 /* QuickGenerationClient.swift */; };
		4D7B29AAFBF8EBB6604D3F68 /* MessagesJobWatcher.swift in Sources */ = {isa = PBXBuildFile; fileRef = 7E443F41899805A0051CA539 /* MessagesJobWatcher.swift */; };
		511D373426C0EBB32EB361E1 /* StickerAppClipURLUITests.swift in Sources */ = {isa = PBXBuildFile; fileRef = A88A6C60A2B23098AB635695 /* StickerAppClipURLUITests.swift */; };
		5FE76DDF53FEB4DF8EBD0E4F /* ClipAuthentication.swift in Sources */ = {isa = PBXBuildFile; fileRef = 213B6045E1ABC6942D35394F /* ClipAuthentication.swift */; };
		774C636DE38F90E3EC687310 /* ClipPackView.swift in Sources */ = {isa = PBXBuildFile; fileRef = 9B62E59B3EABE253D1AAE1BB /* ClipPackView.swift */; };
		811365E37DB7B70267FF2D1B /* Foundation.framework in Frameworks */ = {isa = PBXBuildFile; fileRef = 7FE3E61FCB0BE974B72CE94A /* Foundation.framework */; };
		8D402382893C0D6527BBD9F5 /* QuickModeView.swift in Sources */ = {isa = PBXBuildFile; fileRef = BD46604BC03322FA69C32012 /* QuickModeView.swift */; };
		99832F3D59646AE9AC866FFE /* QuickModeView.swift in Sources */ = {isa = PBXBuildFile; fileRef = BD46604BC03322FA69C32012 /* QuickModeView.swift */; };
		9CCFB79A453ED5A9EDF15137 /* QuickGenerationClient.swift in Sources */ = {isa = PBXBuildFile; fileRef = 3E03547049FE2AC330CA3D60 /* QuickGenerationClient.swift */; };
		A00000000000000000000001 /* RxAuthSwift in Frameworks */ = {isa = PBXBuildFile; productRef = A00000000000000000000019 /* RxAuthSwift */; };
		A00000000000000000000002 /* RxAuthSwiftUI in Frameworks */ = {isa = PBXBuildFile; productRef = A00000000000000000000020 /* RxAuthSwiftUI */; };
		A00000000000000000000003 /* StickerMessages.appex in Embed App Extensions */ = {isa = PBXBuildFile; fileRef = A00000000000000000000005 /* StickerMessages.appex */; settings = {ATTRIBUTES = (CodeSignOnCopy, RemoveHeadersOnCopy, ); }; };
		B00000000000000000000001 /* Kingfisher in Frameworks */ = {isa = PBXBuildFile; productRef = B00000000000000000000002 /* Kingfisher */; };
		BEDA92EBF02EFB0893E0B42D /* Foundation.framework in Frameworks */ = {isa = PBXBuildFile; fileRef = 7FE3E61FCB0BE974B72CE94A /* Foundation.framework */; };
		C119B001A001A001A001A001 /* ClipLibraryView.swift in Sources */ = {isa = PBXBuildFile; fileRef = C119B001A001A001A001A002 /* ClipLibraryView.swift */; };
		C11A00000000000000000001 /* RxAuthSwift in Frameworks */ = {isa = PBXBuildFile; productRef = A00000000000000000000019 /* RxAuthSwift */; };
		C11A00000000000000000002 /* RxAuthSwiftUI in Frameworks */ = {isa = PBXBuildFile; productRef = A00000000000000000000020 /* RxAuthSwiftUI */; };
		C11F00000000000000000001 /* AppColors.swift in Sources */ = {isa = PBXBuildFile; fileRef = C11F00000000000000000003 /* AppColors.swift */; };
		C11F00000000000000000002 /* DesignSystem.swift in Sources */ = {isa = PBXBuildFile; fileRef = C11F00000000000000000004 /* DesignSystem.swift */; };
		C26FB4EC37147EED5796B7E4 /* MessagesJobWatcher.swift in Sources */ = {isa = PBXBuildFile; fileRef = 7E443F41899805A0051CA539 /* MessagesJobWatcher.swift */; };
		D3D7B0CC116B9ADEEFF9898A /* StickerAppClip.app in Embed App Clips */ = {isa = PBXBuildFile; fileRef = 10CFC4A0F2BED0360644588B /* StickerAppClip.app */; settings = {ATTRIBUTES = (RemoveHeadersOnCopy, ); }; };
		DB77A37020ABCB10B6443B08 /* MessagesJobWatcher.swift in Sources */ = {isa = PBXBuildFile; fileRef = 7E443F41899805A0051CA539 /* MessagesJobWatcher.swift */; };
		DF2A4294303DD070006910C8 /* AnimatedView in Frameworks */ = {isa = PBXBuildFile; productRef = DF2A4293303DD070006910C8 /* AnimatedView */; };
		DFD446B430404667007C420E /* icon.icon in Resources */ = {isa = PBXBuildFile; fileRef = DFD446B330404667007C420E /* icon.icon */; };
		DFD465E53048198D007C420E /* RxSubscriptionIOS in Frameworks */ = {isa = PBXBuildFile; productRef = DFD465E43048198D007C420E /* RxSubscriptionIOS */; };
		DFD465E8304847DD007C420E /* InAppPurchaseConfiguration.storekit in Resources */ = {isa = PBXBuildFile; fileRef = DFD465E7304847DD007C420E /* InAppPurchaseConfiguration.storekit */; };
		DFD465F730487904007C420E /* RxSubscriptionIOS in Frameworks */ = {isa = PBXBuildFile; productRef = DFD465F630487904007C420E /* RxSubscriptionIOS */; };
		DFD46C613049D782007C420E /* libwebp in Frameworks */ = {isa = PBXBuildFile; productRef = C00000000000000000000002 /* libwebp */; };
		E10000000000000000000001 /* WASticker in Frameworks */ = {isa = PBXBuildFile; productRef = E10000000000000000000011 /* WASticker */; };
		E10000000000000000000002 /* VP9Encoder in Frameworks */ = {isa = PBXBuildFile; productRef = E10000000000000000000012 /* VP9Encoder */; };
		E10000000000000000000003 /* TelegramStickersImport in Frameworks */ = {isa = PBXBuildFile; productRef = E10000000000000000000013 /* TelegramStickersImport */; };
		E10000000000000000000004 /* VP9Encoder in Frameworks */ = {isa = PBXBuildFile; productRef = E10000000000000000000014 /* VP9Encoder */; };
		FEE4261A41752C8259D5AB1B /* QuickHTTPTransport.swift in Sources */ = {isa = PBXBuildFile; fileRef = 630BD9F3FF2B7870AD961E48 /* QuickHTTPTransport.swift */; };
/* End PBXBuildFile section */

/* Begin PBXContainerItemProxy section */
		571A3AD6D42CDBA249D0E38F /* PBXContainerItemProxy */ = {
			isa = PBXContainerItemProxy;
			containerPortal = DF2A3E0D303C7709006910C8 /* Project object */;
			proxyType = 1;
			remoteGlobalIDString = 52C7DF7A6F60130331BEF5A0;
			remoteInfo = StickerAppClip;
		};
		A00000000000000000000004 /* PBXContainerItemProxy */ = {
			isa = PBXContainerItemProxy;
			containerPortal = DF2A3E0D303C7709006910C8 /* Project object */;
			proxyType = 1;
			remoteGlobalIDString = A00000000000000000000010;
			remoteInfo = StickerMessages;
		};
		A00000000000000000000027 /* PBXContainerItemProxy */ = {
			isa = PBXContainerItemProxy;
			containerPortal = DF2A3E0D303C7709006910C8 /* Project object */;
			proxyType = 1;
			remoteGlobalIDString = A00000000000000000000010;
			remoteInfo = StickerMessages;
		};
		D73DE5872EB4366E321B06C1 /* PBXContainerItemProxy */ = {
			isa = PBXContainerItemProxy;
			containerPortal = DF2A3E0D303C7709006910C8 /* Project object */;
			proxyType = 1;
			remoteGlobalIDString = 52C7DF7A6F60130331BEF5A0;
			remoteInfo = StickerAppClip;
		};
		DF2A3E25303C770A006910C8 /* PBXContainerItemProxy */ = {
			isa = PBXContainerItemProxy;
			containerPortal = DF2A3E0D303C7709006910C8 /* Project object */;
			proxyType = 1;
			remoteGlobalIDString = DF2A3E14303C7709006910C8;
			remoteInfo = StickerGeniOS;
		};
		DF2A3E2F303C770A006910C8 /* PBXContainerItemProxy */ = {
			isa = PBXContainerItemProxy;
			containerPortal = DF2A3E0D303C7709006910C8 /* Project object */;
			proxyType = 1;
			remoteGlobalIDString = DF2A3E14303C7709006910C8;
			remoteInfo = StickerGeniOS;
		};
/* End PBXContainerItemProxy section */

/* Begin PBXCopyFilesBuildPhase section */
		9056D337D78FDCCE794EAD4A /* Embed App Clips */ = {
			isa = PBXCopyFilesBuildPhase;
			buildActionMask = 2147483647;
			dstPath = "$(CONTENTS_FOLDER_PATH)/AppClips";
			dstSubfolderSpec = 16;
			files = (
				D3D7B0CC116B9ADEEFF9898A /* StickerAppClip.app in Embed App Clips */,
			);
			name = "Embed App Clips";
			runOnlyForDeploymentPostprocessing = 0;
		};
		A00000000000000000000016 /* Embed App Extensions */ = {
			isa = PBXCopyFilesBuildPhase;
			buildActionMask = 2147483647;
			dstPath = "";
			dstSubfolderSpec = 13;
			files = (
				A00000000000000000000003 /* StickerMessages.appex in Embed App Extensions */,
			);
			name = "Embed App Extensions";
			runOnlyForDeploymentPostprocessing = 0;
		};
/* End PBXCopyFilesBuildPhase section */

/* Begin PBXFileReference section */
		10CFC4A0F2BED0360644588B /* StickerAppClip.app */ = {isa = PBXFileReference; explicitFileType = wrapper.application; includeInIndex = 0; path = StickerAppClip.app; sourceTree = BUILT_PRODUCTS_DIR; };
		213B6045E1ABC6942D35394F /* ClipAuthentication.swift */ = {isa = PBXFileReference; includeInIndex = 1; lastKnownFileType = sourcecode.swift; path = ClipAuthentication.swift; sourceTree = "<group>"; };
		3E03547049FE2AC330CA3D60 /* QuickGenerationClient.swift */ = {isa = PBXFileReference; includeInIndex = 1; lastKnownFileType = sourcecode.swift; path = QuickGenerationClient.swift; sourceTree = "<group>"; };
		4A193B35C7606F08AB609F18 /* StickerAppClip.entitlements */ = {isa = PBXFileReference; includeInIndex = 1; lastKnownFileType = text.plist.entitlements; path = StickerAppClip.entitlements; sourceTree = "<group>"; };
		630BD9F3FF2B7870AD961E48 /* QuickHTTPTransport.swift */ = {isa = PBXFileReference; includeInIndex = 1; lastKnownFileType = sourcecode.swift; path = QuickHTTPTransport.swift; sourceTree = "<group>"; };
		6BF3DC6F804404647D42EF30 /* StickerAppClipApp.swift */ = {isa = PBXFileReference; includeInIndex = 1; lastKnownFileType = sourcecode.swift; path = StickerAppClipApp.swift; sourceTree = "<group>"; };
		7E443F41899805A0051CA539 /* MessagesJobWatcher.swift */ = {isa = PBXFileReference; includeInIndex = 1; lastKnownFileType = sourcecode.swift; path = MessagesJobWatcher.swift; sourceTree = "<group>"; };
		7FE3E61FCB0BE974B72CE94A /* Foundation.framework */ = {isa = PBXFileReference; lastKnownFileType = wrapper.framework; name = Foundation.framework; path = Platforms/iPhoneOS.platform/Developer/SDKs/iPhoneOS26.0.sdk/System/Library/Frameworks/Foundation.framework; sourceTree = DEVELOPER_DIR; };
		9B62E59B3EABE253D1AAE1BB /* ClipPackView.swift */ = {isa = PBXFileReference; includeInIndex = 1; lastKnownFileType = sourcecode.swift; path = ClipPackView.swift; sourceTree = "<group>"; };
		A00000000000000000000005 /* StickerMessages.appex */ = {isa = PBXFileReference; explicitFileType = "wrapper.app-extension"; includeInIndex = 0; path = StickerMessages.appex; sourceTree = BUILT_PRODUCTS_DIR; };
		A00000000000000000000021 /* StickerMessagesTests.xctest */ = {isa = PBXFileReference; explicitFileType = wrapper.cfbundle; includeInIndex = 0; path = StickerMessagesTests.xctest; sourceTree = BUILT_PRODUCTS_DIR; };
		A00000000000000000000032 /* Base.xcconfig */ = {isa = PBXFileReference; lastKnownFileType = text.xcconfig; path = Base.xcconfig; sourceTree = "<group>"; };
		A00000000000000000000033 /* Debug.xcconfig */ = {isa = PBXFileReference; lastKnownFileType = text.xcconfig; path = Debug.xcconfig; sourceTree = "<group>"; };
		A00000000000000000000034 /* Release.xcconfig */ = {isa = PBXFileReference; lastKnownFileType = text.xcconfig; path = Release.xcconfig; sourceTree = "<group>"; };
		A88A6C60A2B23098AB635695 /* StickerAppClipURLUITests.swift */ = {isa = PBXFileReference; includeInIndex = 1; lastKnownFileType = sourcecode.swift; path = StickerAppClipURLUITests.swift; sourceTree = "<group>"; };
		BD46604BC03322FA69C32012 /* QuickModeView.swift */ = {isa = PBXFileReference; includeInIndex = 1; lastKnownFileType = sourcecode.swift; path = QuickModeView.swift; sourceTree = "<group>"; };
		C119B001A001A001A001A002 /* ClipLibraryView.swift */ = {isa = PBXFileReference; lastKnownFileType = sourcecode.swift; path = ClipLibraryView.swift; sourceTree = "<group>"; };
		C11F00000000000000000003 /* AppColors.swift */ = {isa = PBXFileReference; lastKnownFileType = sourcecode.swift; name = AppColors.swift; path = StickerGeniOS/AppColors.swift; sourceTree = SOURCE_ROOT; };
		C11F00000000000000000004 /* DesignSystem.swift */ = {isa = PBXFileReference; lastKnownFileType = sourcecode.swift; name = DesignSystem.swift; path = StickerGeniOS/Views/DesignSystem.swift; sourceTree = SOURCE_ROOT; };
		D5064562E4FFA7578BD1B762 /* StickerAppClipUITests.xctest */ = {isa = PBXFileReference; explicitFileType = wrapper.cfbundle; includeInIndex = 0; path = StickerAppClipUITests.xctest; sourceTree = BUILT_PRODUCTS_DIR; };
		DF2A3E15303C7709006910C8 /* StickerGeniOS.app */ = {isa = PBXFileReference; explicitFileType = wrapper.application; includeInIndex = 0; path = StickerGeniOS.app; sourceTree = BUILT_PRODUCTS_DIR; };
		DF2A3E24303C770A006910C8 /* StickerGeniOSTests.xctest */ = {isa = PBXFileReference; explicitFileType = wrapper.cfbundle; includeInIndex = 0; path = StickerGeniOSTests.xctest; sourceTree = BUILT_PRODUCTS_DIR; };
		DF2A3E2E303C770A006910C8 /* StickerGeniOSUITests.xctest */ = {isa = PBXFileReference; explicitFileType = wrapper.cfbundle; includeInIndex = 0; path = StickerGeniOSUITests.xctest; sourceTree = BUILT_PRODUCTS_DIR; };
		DFD446B330404667007C420E /* icon.icon */ = {isa = PBXFileReference; lastKnownFileType = folder.iconcomposer.icon; path = icon.icon; sourceTree = "<group>"; };
		DFD465E7304847DD007C420E /* InAppPurchaseConfiguration.storekit */ = {isa = PBXFileReference; lastKnownFileType = text; name = InAppPurchaseConfiguration.storekit; path = Configuration/InAppPurchaseConfiguration.storekit; sourceTree = "<group>"; };
		EC090F470A9044567FCB4CFD /* StickerShareRoute.swift */ = {isa = PBXFileReference; includeInIndex = 1; lastKnownFileType = sourcecode.swift; path = StickerShareRoute.swift; sourceTree = "<group>"; };
		FEF29EE6F59D14F73629A498 /* Info.plist */ = {isa = PBXFileReference; includeInIndex = 1; lastKnownFileType = text.plist.xml; path = Info.plist; sourceTree = "<group>"; };
/* End PBXFileReference section */

/* Begin PBXFileSystemSynchronizedBuildFileExceptionSet section */
		A00000000000000000000006 /* Exceptions for "StickerGeniOS" folder in "StickerGeniOS" target */ = {
			isa = PBXFileSystemSynchronizedBuildFileExceptionSet;
			membershipExceptions = (
				Info.plist,
			);
			target = DF2A3E14303C7709006910C8 /* StickerGeniOS */;
		};
		A00000000000000000000007 /* Exceptions for "StickerMessages" folder in "StickerMessages" target */ = {
			isa = PBXFileSystemSynchronizedBuildFileExceptionSet;
			membershipExceptions = (
				Info.plist,
			);
			target = A00000000000000000000010 /* StickerMessages */;
		};
		A00000000000000000000040 /* Exceptions for "StickerGeniOS" folder in "StickerMessages" target */ = {
			isa = PBXFileSystemSynchronizedBuildFileExceptionSet;
			membershipExceptions = (
				Views/StickerToolLabel.swift,
			);
			target = A00000000000000000000010 /* StickerMessages */;
		};
/* End PBXFileSystemSynchronizedBuildFileExceptionSet section */

/* Begin PBXFileSystemSynchronizedRootGroup section */
		A00000000000000000000008 /* StickerMessages */ = {
			isa = PBXFileSystemSynchronizedRootGroup;
			exceptions = (
				A00000000000000000000007 /* Exceptions for "StickerMessages" folder in "StickerMessages" target */,
			);
			path = StickerMessages;
			sourceTree = "<group>";
		};
		A00000000000000000000022 /* StickerMessagesTests */ = {
			isa = PBXFileSystemSynchronizedRootGroup;
			path = StickerMessagesTests;
			sourceTree = "<group>";
		};
		DF2A3E17303C7709006910C8 /* StickerGeniOS */ = {
			isa = PBXFileSystemSynchronizedRootGroup;
			exceptions = (
				A00000000000000000000006 /* Exceptions for "StickerGeniOS" folder in "StickerGeniOS" target */,
				A00000000000000000000040 /* Exceptions for "StickerGeniOS" folder in "StickerMessages" target */,
			);
			path = StickerGeniOS;
			sourceTree = "<group>";
		};
		DF2A3E27303C770A006910C8 /* StickerGeniOSTests */ = {
			isa = PBXFileSystemSynchronizedRootGroup;
			path = StickerGeniOSTests;
			sourceTree = "<group>";
		};
		DF2A3E31303C770A006910C8 /* StickerGeniOSUITests */ = {
			isa = PBXFileSystemSynchronizedRootGroup;
			path = StickerGeniOSUITests;
			sourceTree = "<group>";
		};
/* End PBXFileSystemSynchronizedRootGroup section */

/* Begin PBXFrameworksBuildPhase section */
		7849E9E5E38FF2533334391C /* Frameworks */ = {
			isa = PBXFrameworksBuildPhase;
			buildActionMask = 2147483647;
			files = (
				BEDA92EBF02EFB0893E0B42D /* Foundation.framework in Frameworks */,
				C11A00000000000000000001 /* RxAuthSwift in Frameworks */,
				C11A00000000000000000002 /* RxAuthSwiftUI in Frameworks */,
			);
			runOnlyForDeploymentPostprocessing = 0;
		};
		A00000000000000000000009 /* Frameworks */ = {
			isa = PBXFrameworksBuildPhase;
			buildActionMask = 2147483647;
			files = (
			);
			runOnlyForDeploymentPostprocessing = 0;
		};
		A00000000000000000000023 /* Frameworks */ = {
			isa = PBXFrameworksBuildPhase;
			buildActionMask = 2147483647;
			files = (
			);
			runOnlyForDeploymentPostprocessing = 0;
		};
		C98FBA17D9F3A026CD3B747E /* Frameworks */ = {
			isa = PBXFrameworksBuildPhase;
			buildActionMask = 2147483647;
			files = (
				811365E37DB7B70267FF2D1B /* Foundation.framework in Frameworks */,
			);
			runOnlyForDeploymentPostprocessing = 0;
		};
		DF2A3E12303C7709006910C8 /* Frameworks */ = {
			isa = PBXFrameworksBuildPhase;
			buildActionMask = 2147483647;
			files = (
				DFD46C613049D782007C420E /* libwebp in Frameworks */,
				B00000000000000000000001 /* Kingfisher in Frameworks */,
				A00000000000000000000001 /* RxAuthSwift in Frameworks */,
				DF2A4294303DD070006910C8 /* AnimatedView in Frameworks */,
				A00000000000000000000002 /* RxAuthSwiftUI in Frameworks */,
				DFD465E53048198D007C420E /* RxSubscriptionIOS in Frameworks */,
				DFD465F730487904007C420E /* RxSubscriptionIOS in Frameworks */,
				E10000000000000000000001 /* WASticker in Frameworks */,
				E10000000000000000000002 /* VP9Encoder in Frameworks */,
				E10000000000000000000003 /* TelegramStickersImport in Frameworks */,
			);
			runOnlyForDeploymentPostprocessing = 0;
		};
		DF2A3E21303C770A006910C8 /* Frameworks */ = {
			isa = PBXFrameworksBuildPhase;
			buildActionMask = 2147483647;
			files = (
				E10000000000000000000004 /* VP9Encoder in Frameworks */,
			);
			runOnlyForDeploymentPostprocessing = 0;
		};
		DF2A3E2B303C770A006910C8 /* Frameworks */ = {
			isa = PBXFrameworksBuildPhase;
			buildActionMask = 2147483647;
			files = (
			);
			runOnlyForDeploymentPostprocessing = 0;
		};
/* End PBXFrameworksBuildPhase section */

/* Begin PBXGroup section */
		1D0C51077D57801755D4A132 /* StickerAppClipUITests */ = {
			isa = PBXGroup;
			children = (
				A88A6C60A2B23098AB635695 /* StickerAppClipURLUITests.swift */,
			);
			path = StickerAppClipUITests;
			sourceTree = "<group>";
		};
		397C45A5252B740FACC31B9A /* StickerQuickShared */ = {
			isa = PBXGroup;
			children = (
				7E443F41899805A0051CA539 /* MessagesJobWatcher.swift */,
				3E03547049FE2AC330CA3D60 /* QuickGenerationClient.swift */,
				630BD9F3FF2B7870AD961E48 /* QuickHTTPTransport.swift */,
				BD46604BC03322FA69C32012 /* QuickModeView.swift */,
				EC090F470A9044567FCB4CFD /* StickerShareRoute.swift */,
			);
			path = StickerQuickShared;
			sourceTree = "<group>";
		};
		51735A098ACCDC7FE977DE18 /* StickerAppClip */ = {
			isa = PBXGroup;
			children = (
				C11F00000000000000000003 /* AppColors.swift */,
				C11F00000000000000000004 /* DesignSystem.swift */,
				213B6045E1ABC6942D35394F /* ClipAuthentication.swift */,
				9B62E59B3EABE253D1AAE1BB /* ClipPackView.swift */,
				C119B001A001A001A001A002 /* ClipLibraryView.swift */,
				6BF3DC6F804404647D42EF30 /* StickerAppClipApp.swift */,
				FEF29EE6F59D14F73629A498 /* Info.plist */,
				4A193B35C7606F08AB609F18 /* StickerAppClip.entitlements */,
			);
			path = StickerAppClip;
			sourceTree = "<group>";
		};
		A00000000000000000000035 /* Configuration */ = {
			isa = PBXGroup;
			children = (
				A00000000000000000000032 /* Base.xcconfig */,
				A00000000000000000000033 /* Debug.xcconfig */,
				A00000000000000000000034 /* Release.xcconfig */,
			);
			path = Configuration;
			sourceTree = "<group>";
		};
		A99A8D061E8027A9C2064221 /* iOS */ = {
			isa = PBXGroup;
			children = (
				7FE3E61FCB0BE974B72CE94A /* Foundation.framework */,
			);
			name = iOS;
			sourceTree = "<group>";
		};
		DF2A3E0C303C7709006910C8 = {
			isa = PBXGroup;
			children = (
				DFD465E7304847DD007C420E /* InAppPurchaseConfiguration.storekit */,
				DFD446B330404667007C420E /* icon.icon */,
				A00000000000000000000035 /* Configuration */,
				DF2A3E17303C7709006910C8 /* StickerGeniOS */,
				A00000000000000000000008 /* StickerMessages */,
				A00000000000000000000022 /* StickerMessagesTests */,
				DF2A3E27303C770A006910C8 /* StickerGeniOSTests */,
				DF2A3E31303C770A006910C8 /* StickerGeniOSUITests */,
				DF2A3E16303C7709006910C8 /* Products */,
				F760B0E6D8B7227658CD9E1F /* Frameworks */,
				397C45A5252B740FACC31B9A /* StickerQuickShared */,
				51735A098ACCDC7FE977DE18 /* StickerAppClip */,
				1D0C51077D57801755D4A132 /* StickerAppClipUITests */,
			);
			sourceTree = "<group>";
		};
		DF2A3E16303C7709006910C8 /* Products */ = {
			isa = PBXGroup;
			children = (
				DF2A3E15303C7709006910C8 /* StickerGeniOS.app */,
				A00000000000000000000005 /* StickerMessages.appex */,
				A00000000000000000000021 /* StickerMessagesTests.xctest */,
				DF2A3E24303C770A006910C8 /* StickerGeniOSTests.xctest */,
				DF2A3E2E303C770A006910C8 /* StickerGeniOSUITests.xctest */,
				10CFC4A0F2BED0360644588B /* StickerAppClip.app */,
				D5064562E4FFA7578BD1B762 /* StickerAppClipUITests.xctest */,
			);
			name = Products;
			sourceTree = "<group>";
		};
		F760B0E6D8B7227658CD9E1F /* Frameworks */ = {
			isa = PBXGroup;
			children = (
				A99A8D061E8027A9C2064221 /* iOS */,
			);
			name = Frameworks;
			sourceTree = "<group>";
		};
/* End PBXGroup section */

/* Begin PBXNativeTarget section */
		52C7DF7A6F60130331BEF5A0 /* StickerAppClip */ = {
			isa = PBXNativeTarget;
			buildConfigurationList = 0421B774BF1786CD977BA020 /* Build configuration list for PBXNativeTarget "StickerAppClip" */;
			buildPhases = (
				878987CD5DF5FB5B766B25CF /* Validate App Clip release configuration */,
				66117DA9054AF771BEC58157 /* Sources */,
				7849E9E5E38FF2533334391C /* Frameworks */,
				9822E9CCE33FA5D3BB59ED90 /* Resources */,
			);
			buildRules = (
			);
			dependencies = (
			);
			name = StickerAppClip;
			packageProductDependencies = (
				A00000000000000000000019 /* RxAuthSwift */,
				A00000000000000000000020 /* RxAuthSwiftUI */,
			);
			productName = StickerAppClip;
			productReference = 10CFC4A0F2BED0360644588B /* StickerAppClip.app */;
			productType = "com.apple.product-type.application.on-demand-install-capable";
		};
		9DF2292DA1CD8184DF357154 /* StickerAppClipUITests */ = {
			isa = PBXNativeTarget;
			buildConfigurationList = EEC1D5484C6D73A1AA8DF781 /* Build configuration list for PBXNativeTarget "StickerAppClipUITests" */;
			buildPhases = (
				0B08676C12B713D4C1238971 /* Sources */,
				C98FBA17D9F3A026CD3B747E /* Frameworks */,
				775572D4E17CBCB041179457 /* Resources */,
			);
			buildRules = (
			);
			dependencies = (
				E1C10092A23F7347E2178B3E /* PBXTargetDependency */,
			);
			name = StickerAppClipUITests;
			productName = StickerAppClipUITests;
			productReference = D5064562E4FFA7578BD1B762 /* StickerAppClipUITests.xctest */;
			productType = "com.apple.product-type.bundle.ui-testing";
		};
		A00000000000000000000010 /* StickerMessages */ = {
			isa = PBXNativeTarget;
			buildConfigurationList = A00000000000000000000013 /* Build configuration list for PBXNativeTarget "StickerMessages" */;
			buildPhases = (
				A00000000000000000000014 /* Sources */,
				A00000000000000000000009 /* Frameworks */,
				A00000000000000000000015 /* Resources */,
			);
			buildRules = (
			);
			dependencies = (
			);
			fileSystemSynchronizedGroups = (
				A00000000000000000000008 /* StickerMessages */,
			);
			name = StickerMessages;
			productName = StickerMessages;
			productReference = A00000000000000000000005 /* StickerMessages.appex */;
			productType = "com.apple.product-type.app-extension.messages";
		};
		A00000000000000000000026 /* StickerMessagesTests */ = {
			isa = PBXNativeTarget;
			buildConfigurationList = A00000000000000000000031 /* Build configuration list for PBXNativeTarget "StickerMessagesTests" */;
			buildPhases = (
				A00000000000000000000024 /* Sources */,
				A00000000000000000000023 /* Frameworks */,
				A00000000000000000000025 /* Resources */,
			);
			buildRules = (
			);
			dependencies = (
				A00000000000000000000028 /* PBXTargetDependency */,
			);
			fileSystemSynchronizedGroups = (
				A00000000000000000000022 /* StickerMessagesTests */,
			);
			name = StickerMessagesTests;
			productName = StickerMessagesTests;
			productReference = A00000000000000000000021 /* StickerMessagesTests.xctest */;
			productType = "com.apple.product-type.bundle.unit-test";
		};
		DF2A3E14303C7709006910C8 /* StickerGeniOS */ = {
			isa = PBXNativeTarget;
			buildConfigurationList = DF2A3E38303C770A006910C8 /* Build configuration list for PBXNativeTarget "StickerGeniOS" */;
			buildPhases = (
				DF2A3E11303C7709006910C8 /* Sources */,
				DF2A3E12303C7709006910C8 /* Frameworks */,
				DF2A3E13303C7709006910C8 /* Resources */,
				A00000000000000000000016 /* Embed App Extensions */,
				9056D337D78FDCCE794EAD4A /* Embed App Clips */,
			);
			buildRules = (
			);
			dependencies = (
				A00000000000000000000017 /* PBXTargetDependency */,
				B69EAF4E342A3808B3D76CB1 /* PBXTargetDependency */,
			);
			fileSystemSynchronizedGroups = (
				DF2A3E17303C7709006910C8 /* StickerGeniOS */,
			);
			name = StickerGeniOS;
			packageProductDependencies = (
				B00000000000000000000002 /* Kingfisher */,
				C00000000000000000000002 /* libwebp */,
				A00000000000000000000019 /* RxAuthSwift */,
				A00000000000000000000020 /* RxAuthSwiftUI */,
				DF2A4293303DD070006910C8 /* AnimatedView */,
				DFD465E43048198D007C420E /* RxSubscriptionIOS */,
				DFD465F630487904007C420E /* RxSubscriptionIOS */,
				E10000000000000000000011 /* WASticker */,
				E10000000000000000000012 /* VP9Encoder */,
				E10000000000000000000013 /* TelegramStickersImport */,
			);
			productName = StickerGeniOS;
			productReference = DF2A3E15303C7709006910C8 /* StickerGeniOS.app */;
			productType = "com.apple.product-type.application";
		};
		DF2A3E23303C770A006910C8 /* StickerGeniOSTests */ = {
			isa = PBXNativeTarget;
			buildConfigurationList = DF2A3E3B303C770A006910C8 /* Build configuration list for PBXNativeTarget "StickerGeniOSTests" */;
			buildPhases = (
				DF2A3E20303C770A006910C8 /* Sources */,
				DF2A3E21303C770A006910C8 /* Frameworks */,
				DF2A3E22303C770A006910C8 /* Resources */,
			);
			buildRules = (
			);
			dependencies = (
				DF2A3E26303C770A006910C8 /* PBXTargetDependency */,
			);
			fileSystemSynchronizedGroups = (
				DF2A3E27303C770A006910C8 /* StickerGeniOSTests */,
			);
			name = StickerGeniOSTests;
			packageProductDependencies = (
				E10000000000000000000014 /* VP9Encoder */,
			);
			productName = StickerGeniOSTests;
			productReference = DF2A3E24303C770A006910C8 /* StickerGeniOSTests.xctest */;
			productType = "com.apple.product-type.bundle.unit-test";
		};
		DF2A3E2D303C770A006910C8 /* StickerGeniOSUITests */ = {
			isa = PBXNativeTarget;
			buildConfigurationList = DF2A3E3E303C770A006910C8 /* Build configuration list for PBXNativeTarget "StickerGeniOSUITests" */;
			buildPhases = (
				DF2A3E2A303C770A006910C8 /* Sources */,
				DF2A3E2B303C770A006910C8 /* Frameworks */,
				DF2A3E2C303C770A006910C8 /* Resources */,
			);
			buildRules = (
			);
			dependencies = (
				DF2A3E30303C770A006910C8 /* PBXTargetDependency */,
			);
			fileSystemSynchronizedGroups = (
				DF2A3E31303C770A006910C8 /* StickerGeniOSUITests */,
			);
			name = StickerGeniOSUITests;
			productName = StickerGeniOSUITests;
			productReference = DF2A3E2E303C770A006910C8 /* StickerGeniOSUITests.xctest */;
			productType = "com.apple.product-type.bundle.ui-testing";
		};
/* End PBXNativeTarget section */

/* Begin PBXProject section */
		DF2A3E0D303C7709006910C8 /* Project object */ = {
			isa = PBXProject;
			attributes = {
				BuildIndependentTargetsInParallel = 1;
				LastSwiftUpdateCheck = 2650;
				LastUpgradeCheck = 2650;
				TargetAttributes = {
					A00000000000000000000010 = {
						CreatedOnToolsVersion = 26.5;
					};
					A00000000000000000000026 = {
						CreatedOnToolsVersion = 26.5;
						TestTargetID = A00000000000000000000010;
					};
					DF2A3E14303C7709006910C8 = {
						CreatedOnToolsVersion = 26.5;
					};
					DF2A3E23303C770A006910C8 = {
						CreatedOnToolsVersion = 26.5;
						TestTargetID = DF2A3E14303C7709006910C8;
					};
					DF2A3E2D303C770A006910C8 = {
						CreatedOnToolsVersion = 26.5;
						TestTargetID = DF2A3E14303C7709006910C8;
					};
				};
			};
			buildConfigurationList = DF2A3E10303C7709006910C8 /* Build configuration list for PBXProject "StickerGeniOS" */;
			developmentRegion = en;
			hasScannedForEncodings = 0;
			knownRegions = (
				en,
				"zh-CN",
				"zh-HK",
				Base,
			);
			mainGroup = DF2A3E0C303C7709006910C8;
			minimizedProjectReferenceProxies = 1;
			packageReferences = (
				B00000000000000000000003 /* XCRemoteSwiftPackageReference "Kingfisher" */,
				C00000000000000000000001 /* XCRemoteSwiftPackageReference "libwebp-Xcode" */,
				A00000000000000000000018 /* XCRemoteSwiftPackageReference "RxAuthSwift" */,
				DF2A4292303DD070006910C8 /* XCLocalSwiftPackageReference "packages/AnimatedView" */,
				DFD465F530487904007C420E /* XCRemoteSwiftPackageReference "RxSubscriptionIOS" */,
				E10000000000000000000021 /* XCLocalSwiftPackageReference "packages/WASticker" */,
				E10000000000000000000022 /* XCLocalSwiftPackageReference "packages/VP9Encoder" */,
				E10000000000000000000023 /* XCRemoteSwiftPackageReference "TelegramStickersImport" */,
			);
			preferredProjectObjectVersion = 77;
			productRefGroup = DF2A3E16303C7709006910C8 /* Products */;
			projectDirPath = "";
			projectRoot = "";
			targets = (
				DF2A3E14303C7709006910C8 /* StickerGeniOS */,
				A00000000000000000000010 /* StickerMessages */,
				A00000000000000000000026 /* StickerMessagesTests */,
				DF2A3E23303C770A006910C8 /* StickerGeniOSTests */,
				DF2A3E2D303C770A006910C8 /* StickerGeniOSUITests */,
				52C7DF7A6F60130331BEF5A0 /* StickerAppClip */,
				9DF2292DA1CD8184DF357154 /* StickerAppClipUITests */,
			);
		};
/* End PBXProject section */

/* Begin PBXResourcesBuildPhase section */
		775572D4E17CBCB041179457 /* Resources */ = {
			isa = PBXResourcesBuildPhase;
			buildActionMask = 2147483647;
			files = (
			);
			runOnlyForDeploymentPostprocessing = 0;
		};
		9822E9CCE33FA5D3BB59ED90 /* Resources */ = {
			isa = PBXResourcesBuildPhase;
			buildActionMask = 2147483647;
			files = (
				07FAB9AB5CC6079A934AF278 /* icon.icon in Resources */,
			);
			runOnlyForDeploymentPostprocessing = 0;
		};
		A00000000000000000000015 /* Resources */ = {
			isa = PBXResourcesBuildPhase;
			buildActionMask = 2147483647;
			files = (
			);
			runOnlyForDeploymentPostprocessing = 0;
		};
		A00000000000000000000025 /* Resources */ = {
			isa = PBXResourcesBuildPhase;
			buildActionMask = 2147483647;
			files = (
			);
			runOnlyForDeploymentPostprocessing = 0;
		};
		DF2A3E13303C7709006910C8 /* Resources */ = {
			isa = PBXResourcesBuildPhase;
			buildActionMask = 2147483647;
			files = (
				DFD465E8304847DD007C420E /* InAppPurchaseConfiguration.storekit in Resources */,
				DFD446B430404667007C420E /* icon.icon in Resources */,
			);
			runOnlyForDeploymentPostprocessing = 0;
		};
		DF2A3E22303C770A006910C8 /* Resources */ = {
			isa = PBXResourcesBuildPhase;
			buildActionMask = 2147483647;
			files = (
			);
			runOnlyForDeploymentPostprocessing = 0;
		};
		DF2A3E2C303C770A006910C8 /* Resources */ = {
			isa = PBXResourcesBuildPhase;
			buildActionMask = 2147483647;
			files = (
			);
			runOnlyForDeploymentPostprocessing = 0;
		};
/* End PBXResourcesBuildPhase section */

/* Begin PBXShellScriptBuildPhase section */
		878987CD5DF5FB5B766B25CF /* Validate App Clip release configuration */ = {
			isa = PBXShellScriptBuildPhase;
			alwaysOutOfDate = 1;
			buildActionMask = 2147483647;
			files = (
			);
			inputFileListPaths = (
			);
			inputPaths = (
				"$(SRCROOT)/scripts/validate-app-clip-release.sh",
			);
			name = "Validate App Clip release configuration";
			outputFileListPaths = (
			);
			outputPaths = (
			);
			runOnlyForDeploymentPostprocessing = 0;
			shellPath = /bin/sh;
			shellScript = "\"${SRCROOT}/scripts/validate-app-clip-release.sh\"";
		};
/* End PBXShellScriptBuildPhase section */

/* Begin PBXSourcesBuildPhase section */
		0B08676C12B713D4C1238971 /* Sources */ = {
			isa = PBXSourcesBuildPhase;
			buildActionMask = 2147483647;
			files = (
				511D373426C0EBB32EB361E1 /* StickerAppClipURLUITests.swift in Sources */,
			);
			runOnlyForDeploymentPostprocessing = 0;
		};
		66117DA9054AF771BEC58157 /* Sources */ = {
			isa = PBXSourcesBuildPhase;
			buildActionMask = 2147483647;
			files = (
				DB77A37020ABCB10B6443B08 /* MessagesJobWatcher.swift in Sources */,
				29CE69F8BFE2E35517368607 /* QuickGenerationClient.swift in Sources */,
				02229E3D7ED5D801BB5348BB /* QuickHTTPTransport.swift in Sources */,
				99832F3D59646AE9AC866FFE /* QuickModeView.swift in Sources */,
				20C1D2D4C5444ECB21791886 /* StickerShareRoute.swift in Sources */,
				5FE76DDF53FEB4DF8EBD0E4F /* ClipAuthentication.swift in Sources */,
				774C636DE38F90E3EC687310 /* ClipPackView.swift in Sources */,
				C119B001A001A001A001A001 /* ClipLibraryView.swift in Sources */,
				2488732A18C574F087BBB592 /* StickerAppClipApp.swift in Sources */,
				C11F00000000000000000001 /* AppColors.swift in Sources */,
				C11F00000000000000000002 /* DesignSystem.swift in Sources */,
			);
			runOnlyForDeploymentPostprocessing = 0;
		};
		A00000000000000000000014 /* Sources */ = {
			isa = PBXSourcesBuildPhase;
			buildActionMask = 2147483647;
			files = (
				4D7B29AAFBF8EBB6604D3F68 /* MessagesJobWatcher.swift in Sources */,
				12587BD4C5963F6263F2D8E3 /* QuickGenerationClient.swift in Sources */,
				FEE4261A41752C8259D5AB1B /* QuickHTTPTransport.swift in Sources */,
				18833EAAA38B87EF10BF486A /* StickerShareRoute.swift in Sources */,
			);
			runOnlyForDeploymentPostprocessing = 0;
		};
		A00000000000000000000024 /* Sources */ = {
			isa = PBXSourcesBuildPhase;
			buildActionMask = 2147483647;
			files = (
			);
			runOnlyForDeploymentPostprocessing = 0;
		};
		DF2A3E11303C7709006910C8 /* Sources */ = {
			isa = PBXSourcesBuildPhase;
			buildActionMask = 2147483647;
			files = (
				C26FB4EC37147EED5796B7E4 /* MessagesJobWatcher.swift in Sources */,
				9CCFB79A453ED5A9EDF15137 /* QuickGenerationClient.swift in Sources */,
				024E2790F8CE42CEC457DC7B /* QuickHTTPTransport.swift in Sources */,
				8D402382893C0D6527BBD9F5 /* QuickModeView.swift in Sources */,
				09EBCD02E3192CC7AEA76FC2 /* StickerShareRoute.swift in Sources */,
			);
			runOnlyForDeploymentPostprocessing = 0;
		};
		DF2A3E20303C770A006910C8 /* Sources */ = {
			isa = PBXSourcesBuildPhase;
			buildActionMask = 2147483647;
			files = (
			);
			runOnlyForDeploymentPostprocessing = 0;
		};
		DF2A3E2A303C770A006910C8 /* Sources */ = {
			isa = PBXSourcesBuildPhase;
			buildActionMask = 2147483647;
			files = (
			);
			runOnlyForDeploymentPostprocessing = 0;
		};
/* End PBXSourcesBuildPhase section */

/* Begin PBXTargetDependency section */
		A00000000000000000000017 /* PBXTargetDependency */ = {
			isa = PBXTargetDependency;
			target = A00000000000000000000010 /* StickerMessages */;
			targetProxy = A00000000000000000000004 /* PBXContainerItemProxy */;
		};
		A00000000000000000000028 /* PBXTargetDependency */ = {
			isa = PBXTargetDependency;
			target = A00000000000000000000010 /* StickerMessages */;
			targetProxy = A00000000000000000000027 /* PBXContainerItemProxy */;
		};
		B69EAF4E342A3808B3D76CB1 /* PBXTargetDependency */ = {
			isa = PBXTargetDependency;
			name = StickerAppClip;
			target = 52C7DF7A6F60130331BEF5A0 /* StickerAppClip */;
			targetProxy = 571A3AD6D42CDBA249D0E38F /* PBXContainerItemProxy */;
		};
		DF2A3E26303C770A006910C8 /* PBXTargetDependency */ = {
			isa = PBXTargetDependency;
			target = DF2A3E14303C7709006910C8 /* StickerGeniOS */;
			targetProxy = DF2A3E25303C770A006910C8 /* PBXContainerItemProxy */;
		};
		DF2A3E30303C770A006910C8 /* PBXTargetDependency */ = {
			isa = PBXTargetDependency;
			target = DF2A3E14303C7709006910C8 /* StickerGeniOS */;
			targetProxy = DF2A3E2F303C770A006910C8 /* PBXContainerItemProxy */;
		};
		E1C10092A23F7347E2178B3E /* PBXTargetDependency */ = {
			isa = PBXTargetDependency;
			name = StickerAppClip;
			target = 52C7DF7A6F60130331BEF5A0 /* StickerAppClip */;
			targetProxy = D73DE5872EB4366E321B06C1 /* PBXContainerItemProxy */;
		};
/* End PBXTargetDependency section */

/* Begin XCBuildConfiguration section */
		7873D1C1FB2E7994A4CCC806 /* Release */ = {
			isa = XCBuildConfiguration;
			baseConfigurationReference = A00000000000000000000034 /* Release.xcconfig */;
			buildSettings = {
				ASSETCATALOG_COMPILER_APPICON_NAME = icon;
				ASSETCATALOG_COMPILER_GLOBAL_ACCENT_COLOR_NAME = AccentColor;
				CLANG_ENABLE_OBJC_WEAK = NO;
				CODE_SIGN_ENTITLEMENTS = StickerAppClip/StickerAppClip.entitlements;
				CODE_SIGN_STYLE = Automatic;
				CURRENT_PROJECT_VERSION = 1;
				DEVELOPMENT_TEAM = T7GYB573Y6;
				GENERATE_INFOPLIST_FILE = NO;
				INFOPLIST_FILE = StickerAppClip/Info.plist;
				IPHONEOS_DEPLOYMENT_TARGET = 26.0;
				LD_RUNPATH_SEARCH_PATHS = (
					"$(inherited)",
					"@executable_path/Frameworks",
				);
				MARKETING_VERSION = 1.0;
				PRODUCT_BUNDLE_IDENTIFIER = app.rxlab.stickerfactory.Clip;
				PRODUCT_NAME = "$(TARGET_NAME)";
				SDKROOT = iphoneos;
				SKIP_INSTALL = YES;
				SUPPORTED_PLATFORMS = "iphoneos iphonesimulator";
				SUPPORTS_MACCATALYST = NO;
				SWIFT_DEFAULT_ACTOR_ISOLATION = MainActor;
				SWIFT_STRICT_CONCURRENCY = complete;
				SWIFT_VERSION = 6.0;
				TARGETED_DEVICE_FAMILY = "1,2";
				VALIDATE_PRODUCT = YES;
			};
			name = Release;
		};
		807E6CB7126DD60995861B90 /* Debug */ = {
			isa = XCBuildConfiguration;
			baseConfigurationReference = A00000000000000000000033 /* Debug.xcconfig */;
			buildSettings = {
				ASSETCATALOG_COMPILER_APPICON_NAME = icon;
				ASSETCATALOG_COMPILER_GLOBAL_ACCENT_COLOR_NAME = AccentColor;
				CLANG_ENABLE_OBJC_WEAK = NO;
				CODE_SIGN_ENTITLEMENTS = StickerAppClip/StickerAppClip.entitlements;
				CODE_SIGN_STYLE = Automatic;
				CURRENT_PROJECT_VERSION = 1;
				DEVELOPMENT_TEAM = T7GYB573Y6;
				GENERATE_INFOPLIST_FILE = NO;
				INFOPLIST_FILE = StickerAppClip/Info.plist;
				IPHONEOS_DEPLOYMENT_TARGET = 26.0;
				LD_RUNPATH_SEARCH_PATHS = (
					"$(inherited)",
					"@executable_path/Frameworks",
				);
				MARKETING_VERSION = 1.0;
				PRODUCT_BUNDLE_IDENTIFIER = app.rxlab.stickerfactory.Clip;
				PRODUCT_NAME = "$(TARGET_NAME)";
				SDKROOT = iphoneos;
				SKIP_INSTALL = YES;
				SUPPORTED_PLATFORMS = "iphoneos iphonesimulator";
				SUPPORTS_MACCATALYST = NO;
				SWIFT_DEFAULT_ACTOR_ISOLATION = MainActor;
				SWIFT_STRICT_CONCURRENCY = complete;
				SWIFT_VERSION = 6.0;
				TARGETED_DEVICE_FAMILY = "1,2";
			};
			name = Debug;
		};
		8942F7B6B565FB5F3412E20D /* Debug */ = {
			isa = XCBuildConfiguration;
			buildSettings = {
				CODE_SIGN_STYLE = Automatic;
				CURRENT_PROJECT_VERSION = 1;
				DEVELOPMENT_TEAM = T7GYB573Y6;
				GENERATE_INFOPLIST_FILE = YES;
				IPHONEOS_DEPLOYMENT_TARGET = 26.0;
				MARKETING_VERSION = 1.0;
				PRODUCT_BUNDLE_IDENTIFIER = app.rxlab.stickerfactory.ClipUITests;
				PRODUCT_NAME = "$(TARGET_NAME)";
				SDKROOT = iphoneos;
				STRING_CATALOG_GENERATE_SYMBOLS = NO;
				SUPPORTED_PLATFORMS = "iphoneos iphonesimulator";
				SWIFT_APPROACHABLE_CONCURRENCY = YES;
				SWIFT_EMIT_LOC_STRINGS = NO;
				SWIFT_STRICT_CONCURRENCY = complete;
				SWIFT_UPCOMING_FEATURE_MEMBER_IMPORT_VISIBILITY = YES;
				SWIFT_VERSION = 6.0;
				TARGETED_DEVICE_FAMILY = "1,2";
				TEST_TARGET_NAME = StickerAppClip;
			};
			name = Debug;
		};
		A00000000000000000000011 /* Debug */ = {
			isa = XCBuildConfiguration;
			baseConfigurationReference = A00000000000000000000033 /* Debug.xcconfig */;
			buildSettings = {
				APPLICATION_EXTENSION_API_ONLY = YES;
				ASSETCATALOG_COMPILER_APPICON_NAME = "iMessage App Icon";
				CODE_SIGN_ENTITLEMENTS = StickerMessages/StickerMessages.entitlements;
				CODE_SIGN_STYLE = Automatic;
				CURRENT_PROJECT_VERSION = 1;
				DEVELOPMENT_TEAM = T7GYB573Y6;
				GENERATE_INFOPLIST_FILE = NO;
				INFOPLIST_FILE = StickerMessages/Info.plist;
				IPHONEOS_DEPLOYMENT_TARGET = 26.0;
				LD_RUNPATH_SEARCH_PATHS = (
					"$(inherited)",
					"@executable_path/Frameworks",
					"@executable_path/../../Frameworks",
				);
				MARKETING_VERSION = 1.0;
				PRODUCT_BUNDLE_IDENTIFIER = app.rxlab.stickerfactory.message;
				PRODUCT_NAME = "$(TARGET_NAME)";
				SDKROOT = iphoneos;
				SKIP_INSTALL = YES;
				SUPPORTED_PLATFORMS = "iphoneos iphonesimulator";
				SWIFT_APPROACHABLE_CONCURRENCY = YES;
				SWIFT_EMIT_LOC_STRINGS = YES;
				SWIFT_STRICT_CONCURRENCY = complete;
				SWIFT_UPCOMING_FEATURE_MEMBER_IMPORT_VISIBILITY = YES;
				SWIFT_VERSION = 6.0;
				TARGETED_DEVICE_FAMILY = "1,2";
			};
			name = Debug;
		};
		A00000000000000000000012 /* Release */ = {
			isa = XCBuildConfiguration;
			baseConfigurationReference = A00000000000000000000034 /* Release.xcconfig */;
			buildSettings = {
				APPLICATION_EXTENSION_API_ONLY = YES;
				ASSETCATALOG_COMPILER_APPICON_NAME = "iMessage App Icon";
				CODE_SIGN_ENTITLEMENTS = StickerMessages/StickerMessages.entitlements;
				CODE_SIGN_STYLE = Automatic;
				CURRENT_PROJECT_VERSION = 1;
				DEVELOPMENT_TEAM = T7GYB573Y6;
				GENERATE_INFOPLIST_FILE = NO;
				INFOPLIST_FILE = StickerMessages/Info.plist;
				IPHONEOS_DEPLOYMENT_TARGET = 26.0;
				LD_RUNPATH_SEARCH_PATHS = (
					"$(inherited)",
					"@executable_path/Frameworks",
					"@executable_path/../../Frameworks",
				);
				MARKETING_VERSION = 1.0;
				PRODUCT_BUNDLE_IDENTIFIER = app.rxlab.stickerfactory.message;
				PRODUCT_NAME = "$(TARGET_NAME)";
				SDKROOT = iphoneos;
				SKIP_INSTALL = YES;
				SUPPORTED_PLATFORMS = "iphoneos iphonesimulator";
				SWIFT_APPROACHABLE_CONCURRENCY = YES;
				SWIFT_EMIT_LOC_STRINGS = YES;
				SWIFT_STRICT_CONCURRENCY = complete;
				SWIFT_UPCOMING_FEATURE_MEMBER_IMPORT_VISIBILITY = YES;
				SWIFT_VERSION = 6.0;
				TARGETED_DEVICE_FAMILY = "1,2";
			};
			name = Release;
		};
		A00000000000000000000029 /* Debug */ = {
			isa = XCBuildConfiguration;
			buildSettings = {
				BUNDLE_LOADER = "$(TEST_HOST)";
				CODE_SIGN_STYLE = Automatic;
				CURRENT_PROJECT_VERSION = 1;
				DEVELOPMENT_TEAM = T7GYB573Y6;
				GENERATE_INFOPLIST_FILE = YES;
				IPHONEOS_DEPLOYMENT_TARGET = 26.0;
				MARKETING_VERSION = 1.0;
				PRODUCT_BUNDLE_IDENTIFIER = app.rxlab.stickerfactory.messages.tests;
				PRODUCT_NAME = "$(TARGET_NAME)";
				SDKROOT = iphoneos;
				STRING_CATALOG_GENERATE_SYMBOLS = NO;
				SUPPORTED_PLATFORMS = "iphoneos iphonesimulator";
				SWIFT_APPROACHABLE_CONCURRENCY = YES;
				SWIFT_EMIT_LOC_STRINGS = NO;
				SWIFT_STRICT_CONCURRENCY = complete;
				SWIFT_UPCOMING_FEATURE_MEMBER_IMPORT_VISIBILITY = YES;
				SWIFT_VERSION = 6.0;
				TARGETED_DEVICE_FAMILY = "1,2";
				TEST_HOST = "$(BUILT_PRODUCTS_DIR)/StickerMessages.appex/StickerMessages";
			};
			name = Debug;
		};
		A00000000000000000000030 /* Release */ = {
			isa = XCBuildConfiguration;
			buildSettings = {
				BUNDLE_LOADER = "$(TEST_HOST)";
				CODE_SIGN_STYLE = Automatic;
				CURRENT_PROJECT_VERSION = 1;
				DEVELOPMENT_TEAM = T7GYB573Y6;
				GENERATE_INFOPLIST_FILE = YES;
				IPHONEOS_DEPLOYMENT_TARGET = 26.0;
				MARKETING_VERSION = 1.0;
				PRODUCT_BUNDLE_IDENTIFIER = app.rxlab.stickerfactory.messages.tests;
				PRODUCT_NAME = "$(TARGET_NAME)";
				SDKROOT = iphoneos;
				STRING_CATALOG_GENERATE_SYMBOLS = NO;
				SUPPORTED_PLATFORMS = "iphoneos iphonesimulator";
				SWIFT_APPROACHABLE_CONCURRENCY = YES;
				SWIFT_EMIT_LOC_STRINGS = NO;
				SWIFT_STRICT_CONCURRENCY = complete;
				SWIFT_UPCOMING_FEATURE_MEMBER_IMPORT_VISIBILITY = YES;
				SWIFT_VERSION = 6.0;
				TARGETED_DEVICE_FAMILY = "1,2";
				TEST_HOST = "$(BUILT_PRODUCTS_DIR)/StickerMessages.appex/StickerMessages";
			};
			name = Release;
		};
		BDF459A33814FB37B4886A29 /* Release */ = {
			isa = XCBuildConfiguration;
			buildSettings = {
				CODE_SIGN_STYLE = Automatic;
				CURRENT_PROJECT_VERSION = 1;
				DEVELOPMENT_TEAM = T7GYB573Y6;
				GENERATE_INFOPLIST_FILE = YES;
				IPHONEOS_DEPLOYMENT_TARGET = 26.0;
				MARKETING_VERSION = 1.0;
				PRODUCT_BUNDLE_IDENTIFIER = app.rxlab.stickerfactory.ClipUITests;
				PRODUCT_NAME = "$(TARGET_NAME)";
				SDKROOT = iphoneos;
				STRING_CATALOG_GENERATE_SYMBOLS = NO;
				SUPPORTED_PLATFORMS = "iphoneos iphonesimulator";
				SWIFT_APPROACHABLE_CONCURRENCY = YES;
				SWIFT_EMIT_LOC_STRINGS = NO;
				SWIFT_STRICT_CONCURRENCY = complete;
				SWIFT_UPCOMING_FEATURE_MEMBER_IMPORT_VISIBILITY = YES;
				SWIFT_VERSION = 6.0;
				TARGETED_DEVICE_FAMILY = "1,2";
				TEST_TARGET_NAME = StickerAppClip;
			};
			name = Release;
		};
		DF2A3E36303C770A006910C8 /* Debug */ = {
			isa = XCBuildConfiguration;
			buildSettings = {
				ALWAYS_SEARCH_USER_PATHS = NO;
				ASSETCATALOG_COMPILER_GENERATE_SWIFT_ASSET_SYMBOL_EXTENSIONS = YES;
				CLANG_ANALYZER_NONNULL = YES;
				CLANG_ANALYZER_NUMBER_OBJECT_CONVERSION = YES_AGGRESSIVE;
				CLANG_CXX_LANGUAGE_STANDARD = "gnu++20";
				CLANG_ENABLE_MODULES = YES;
				CLANG_ENABLE_OBJC_ARC = YES;
				CLANG_ENABLE_OBJC_WEAK = YES;
				CLANG_WARN_BLOCK_CAPTURE_AUTORELEASING = YES;
				CLANG_WARN_BOOL_CONVERSION = YES;
				CLANG_WARN_COMMA = YES;
				CLANG_WARN_CONSTANT_CONVERSION = YES;
				CLANG_WARN_DEPRECATED_OBJC_IMPLEMENTATIONS = YES;
				CLANG_WARN_DIRECT_OBJC_ISA_USAGE = YES_ERROR;
				CLANG_WARN_DOCUMENTATION_COMMENTS = YES;
				CLANG_WARN_EMPTY_BODY = YES;
				CLANG_WARN_ENUM_CONVERSION = YES;
				CLANG_WARN_INFINITE_RECURSION = YES;
				CLANG_WARN_INT_CONVERSION = YES;
				CLANG_WARN_NON_LITERAL_NULL_CONVERSION = YES;
				CLANG_WARN_OBJC_IMPLICIT_RETAIN_SELF = YES;
				CLANG_WARN_OBJC_LITERAL_CONVERSION = YES;
				CLANG_WARN_OBJC_ROOT_CLASS = YES_ERROR;
				CLANG_WARN_QUOTED_INCLUDE_IN_FRAMEWORK_HEADER = YES;
				CLANG_WARN_RANGE_LOOP_ANALYSIS = YES;
				CLANG_WARN_STRICT_PROTOTYPES = YES;
				CLANG_WARN_SUSPICIOUS_MOVE = YES;
				CLANG_WARN_UNGUARDED_AVAILABILITY = YES_AGGRESSIVE;
				CLANG_WARN_UNREACHABLE_CODE = YES;
				CLANG_WARN__DUPLICATE_METHOD_MATCH = YES;
				COPY_PHASE_STRIP = NO;
				DEBUG_INFORMATION_FORMAT = dwarf;
				DEVELOPMENT_TEAM = P9KK452K8P;
				ENABLE_STRICT_OBJC_MSGSEND = YES;
				ENABLE_TESTABILITY = YES;
				ENABLE_USER_SCRIPT_SANDBOXING = YES;
				GCC_C_LANGUAGE_STANDARD = gnu17;
				GCC_DYNAMIC_NO_PIC = NO;
				GCC_NO_COMMON_BLOCKS = YES;
				GCC_OPTIMIZATION_LEVEL = 0;
				GCC_PREPROCESSOR_DEFINITIONS = (
					"DEBUG=1",
					"$(inherited)",
				);
				GCC_WARN_64_TO_32_BIT_CONVERSION = YES;
				GCC_WARN_ABOUT_RETURN_TYPE = YES_ERROR;
				GCC_WARN_UNDECLARED_SELECTOR = YES;
				GCC_WARN_UNINITIALIZED_AUTOS = YES_AGGRESSIVE;
				GCC_WARN_UNUSED_FUNCTION = YES;
				GCC_WARN_UNUSED_VARIABLE = YES;
				LOCALIZATION_PREFERS_STRING_CATALOGS = YES;
				MTL_ENABLE_DEBUG_INFO = INCLUDE_SOURCE;
				MTL_FAST_MATH = YES;
				ONLY_ACTIVE_ARCH = YES;
				SWIFT_ACTIVE_COMPILATION_CONDITIONS = "DEBUG $(inherited)";
				SWIFT_OPTIMIZATION_LEVEL = "-Onone";
			};
			name = Debug;
		};
		DF2A3E37303C770A006910C8 /* Release */ = {
			isa = XCBuildConfiguration;
			buildSettings = {
				ALWAYS_SEARCH_USER_PATHS = NO;
				ASSETCATALOG_COMPILER_GENERATE_SWIFT_ASSET_SYMBOL_EXTENSIONS = YES;
				CLANG_ANALYZER_NONNULL = YES;
				CLANG_ANALYZER_NUMBER_OBJECT_CONVERSION = YES_AGGRESSIVE;
				CLANG_CXX_LANGUAGE_STANDARD = "gnu++20";
				CLANG_ENABLE_MODULES = YES;
				CLANG_ENABLE_OBJC_ARC = YES;
				CLANG_ENABLE_OBJC_WEAK = YES;
				CLANG_WARN_BLOCK_CAPTURE_AUTORELEASING = YES;
				CLANG_WARN_BOOL_CONVERSION = YES;
				CLANG_WARN_COMMA = YES;
				CLANG_WARN_CONSTANT_CONVERSION = YES;
				CLANG_WARN_DEPRECATED_OBJC_IMPLEMENTATIONS = YES;
				CLANG_WARN_DIRECT_OBJC_ISA_USAGE = YES_ERROR;
				CLANG_WARN_DOCUMENTATION_COMMENTS = YES;
				CLANG_WARN_EMPTY_BODY = YES;
				CLANG_WARN_ENUM_CONVERSION = YES;
				CLANG_WARN_INFINITE_RECURSION = YES;
				CLANG_WARN_INT_CONVERSION = YES;
				CLANG_WARN_NON_LITERAL_NULL_CONVERSION = YES;
				CLANG_WARN_OBJC_IMPLICIT_RETAIN_SELF = YES;
				CLANG_WARN_OBJC_LITERAL_CONVERSION = YES;
				CLANG_WARN_OBJC_ROOT_CLASS = YES_ERROR;
				CLANG_WARN_QUOTED_INCLUDE_IN_FRAMEWORK_HEADER = YES;
				CLANG_WARN_RANGE_LOOP_ANALYSIS = YES;
				CLANG_WARN_STRICT_PROTOTYPES = YES;
				CLANG_WARN_SUSPICIOUS_MOVE = YES;
				CLANG_WARN_UNGUARDED_AVAILABILITY = YES_AGGRESSIVE;
				CLANG_WARN_UNREACHABLE_CODE = YES;
				CLANG_WARN__DUPLICATE_METHOD_MATCH = YES;
				COPY_PHASE_STRIP = NO;
				DEBUG_INFORMATION_FORMAT = "dwarf-with-dsym";
				DEVELOPMENT_TEAM = P9KK452K8P;
				ENABLE_NS_ASSERTIONS = NO;
				ENABLE_STRICT_OBJC_MSGSEND = YES;
				ENABLE_USER_SCRIPT_SANDBOXING = YES;
				GCC_C_LANGUAGE_STANDARD = gnu17;
				GCC_NO_COMMON_BLOCKS = YES;
				GCC_WARN_64_TO_32_BIT_CONVERSION = YES;
				GCC_WARN_ABOUT_RETURN_TYPE = YES_ERROR;
				GCC_WARN_UNDECLARED_SELECTOR = YES;
				GCC_WARN_UNINITIALIZED_AUTOS = YES_AGGRESSIVE;
				GCC_WARN_UNUSED_FUNCTION = YES;
				GCC_WARN_UNUSED_VARIABLE = YES;
				LOCALIZATION_PREFERS_STRING_CATALOGS = YES;
				MTL_ENABLE_DEBUG_INFO = NO;
				MTL_FAST_MATH = YES;
				SWIFT_COMPILATION_MODE = wholemodule;
			};
			name = Release;
		};
		DF2A3E39303C770A006910C8 /* Debug */ = {
			isa = XCBuildConfiguration;
			baseConfigurationReference = A00000000000000000000033 /* Debug.xcconfig */;
			buildSettings = {
				ASSETCATALOG_COMPILER_APPICON_NAME = icon;
				ASSETCATALOG_COMPILER_GLOBAL_ACCENT_COLOR_NAME = AccentColor;
				CODE_SIGN_ENTITLEMENTS = StickerGeniOS/StickerGeniOS.entitlements;
				CODE_SIGN_STYLE = Automatic;
				CURRENT_PROJECT_VERSION = 1;
				DEVELOPMENT_TEAM = T7GYB573Y6;
				ENABLE_PREVIEWS = YES;
				GENERATE_INFOPLIST_FILE = NO;
				INFOPLIST_FILE = StickerGeniOS/Info.plist;
				INFOPLIST_KEY_CFBundleDisplayName = Winky;
				INFOPLIST_KEY_LSApplicationCategoryType = "public.app-category.social-networking";
				IPHONEOS_DEPLOYMENT_TARGET = 26.0;
				LD_RUNPATH_SEARCH_PATHS = (
					"$(inherited)",
					"@executable_path/Frameworks",
				);
				MARKETING_VERSION = 1.0;
				PRODUCT_BUNDLE_IDENTIFIER = app.rxlab.stickerfactory;
				PRODUCT_NAME = "$(TARGET_NAME)";
				SDKROOT = iphoneos;
				STRING_CATALOG_GENERATE_SYMBOLS = YES;
				SUPPORTED_PLATFORMS = "iphoneos iphonesimulator";
				SWIFT_APPROACHABLE_CONCURRENCY = YES;
				SWIFT_DEFAULT_ACTOR_ISOLATION = MainActor;
				SWIFT_EMIT_LOC_STRINGS = YES;
				SWIFT_STRICT_CONCURRENCY = complete;
				SWIFT_UPCOMING_FEATURE_MEMBER_IMPORT_VISIBILITY = YES;
				SWIFT_VERSION = 6.0;
				TARGETED_DEVICE_FAMILY = "1,2";
			};
			name = Debug;
		};
		DF2A3E3A303C770A006910C8 /* Release */ = {
			isa = XCBuildConfiguration;
			baseConfigurationReference = A00000000000000000000034 /* Release.xcconfig */;
			buildSettings = {
				ASSETCATALOG_COMPILER_APPICON_NAME = icon;
				ASSETCATALOG_COMPILER_GLOBAL_ACCENT_COLOR_NAME = AccentColor;
				CODE_SIGN_ENTITLEMENTS = StickerGeniOS/StickerGeniOS.entitlements;
				CODE_SIGN_STYLE = Automatic;
				CURRENT_PROJECT_VERSION = 1;
				DEVELOPMENT_TEAM = T7GYB573Y6;
				ENABLE_PREVIEWS = YES;
				GENERATE_INFOPLIST_FILE = NO;
				INFOPLIST_FILE = StickerGeniOS/Info.plist;
				INFOPLIST_KEY_CFBundleDisplayName = Winky;
				INFOPLIST_KEY_LSApplicationCategoryType = "public.app-category.social-networking";
				IPHONEOS_DEPLOYMENT_TARGET = 26.0;
				LD_RUNPATH_SEARCH_PATHS = (
					"$(inherited)",
					"@executable_path/Frameworks",
				);
				MARKETING_VERSION = 1.0;
				PRODUCT_BUNDLE_IDENTIFIER = app.rxlab.stickerfactory;
				PRODUCT_NAME = "$(TARGET_NAME)";
				SDKROOT = iphoneos;
				STRING_CATALOG_GENERATE_SYMBOLS = YES;
				SUPPORTED_PLATFORMS = "iphoneos iphonesimulator";
				SWIFT_APPROACHABLE_CONCURRENCY = YES;
				SWIFT_DEFAULT_ACTOR_ISOLATION = MainActor;
				SWIFT_EMIT_LOC_STRINGS = YES;
				SWIFT_STRICT_CONCURRENCY = complete;
				SWIFT_UPCOMING_FEATURE_MEMBER_IMPORT_VISIBILITY = YES;
				SWIFT_VERSION = 6.0;
				TARGETED_DEVICE_FAMILY = "1,2";
			};
			name = Release;
		};
		DF2A3E3C303C770A006910C8 /* Debug */ = {
			isa = XCBuildConfiguration;
			buildSettings = {
				BUNDLE_LOADER = "$(TEST_HOST)";
				CODE_SIGN_STYLE = Automatic;
				CURRENT_PROJECT_VERSION = 1;
				DEVELOPMENT_TEAM = P9KK452K8P;
				GENERATE_INFOPLIST_FILE = YES;
				IPHONEOS_DEPLOYMENT_TARGET = 26.0;
				MARKETING_VERSION = 1.0;
				PRODUCT_BUNDLE_IDENTIFIER = rxlab.StickerGeniOSTests;
				PRODUCT_NAME = "$(TARGET_NAME)";
				SDKROOT = iphoneos;
				STRING_CATALOG_GENERATE_SYMBOLS = NO;
				SUPPORTED_PLATFORMS = "iphoneos iphonesimulator";
				SWIFT_APPROACHABLE_CONCURRENCY = YES;
				SWIFT_EMIT_LOC_STRINGS = NO;
				SWIFT_STRICT_CONCURRENCY = complete;
				SWIFT_UPCOMING_FEATURE_MEMBER_IMPORT_VISIBILITY = YES;
				SWIFT_VERSION = 6.0;
				TARGETED_DEVICE_FAMILY = "1,2";
				TEST_HOST = "$(BUILT_PRODUCTS_DIR)/StickerGeniOS.app/$(BUNDLE_EXECUTABLE_FOLDER_PATH)/StickerGeniOS";
			};
			name = Debug;
		};
		DF2A3E3D303C770A006910C8 /* Release */ = {
			isa = XCBuildConfiguration;
			buildSettings = {
				BUNDLE_LOADER = "$(TEST_HOST)";
				CODE_SIGN_STYLE = Automatic;
				CURRENT_PROJECT_VERSION = 1;
				DEVELOPMENT_TEAM = P9KK452K8P;
				GENERATE_INFOPLIST_FILE = YES;
				IPHONEOS_DEPLOYMENT_TARGET = 26.0;
				MARKETING_VERSION = 1.0;
				PRODUCT_BUNDLE_IDENTIFIER = rxlab.StickerGeniOSTests;
				PRODUCT_NAME = "$(TARGET_NAME)";
				SDKROOT = iphoneos;
				STRING_CATALOG_GENERATE_SYMBOLS = NO;
				SUPPORTED_PLATFORMS = "iphoneos iphonesimulator";
				SWIFT_APPROACHABLE_CONCURRENCY = YES;
				SWIFT_EMIT_LOC_STRINGS = NO;
				SWIFT_STRICT_CONCURRENCY = complete;
				SWIFT_UPCOMING_FEATURE_MEMBER_IMPORT_VISIBILITY = YES;
				SWIFT_VERSION = 6.0;
				TARGETED_DEVICE_FAMILY = "1,2";
				TEST_HOST = "$(BUILT_PRODUCTS_DIR)/StickerGeniOS.app/$(BUNDLE_EXECUTABLE_FOLDER_PATH)/StickerGeniOS";
			};
			name = Release;
		};
		DF2A3E3F303C770A006910C8 /* Debug */ = {
			isa = XCBuildConfiguration;
			buildSettings = {
				CODE_SIGN_STYLE = Automatic;
				CURRENT_PROJECT_VERSION = 1;
				DEVELOPMENT_TEAM = P9KK452K8P;
				GENERATE_INFOPLIST_FILE = YES;
				IPHONEOS_DEPLOYMENT_TARGET = 26.0;
				MARKETING_VERSION = 1.0;
				PRODUCT_BUNDLE_IDENTIFIER = rxlab.StickerGeniOSUITests;
				PRODUCT_NAME = "$(TARGET_NAME)";
				SDKROOT = iphoneos;
				STRING_CATALOG_GENERATE_SYMBOLS = NO;
				SUPPORTED_PLATFORMS = "iphoneos iphonesimulator";
				SWIFT_APPROACHABLE_CONCURRENCY = YES;
				SWIFT_EMIT_LOC_STRINGS = NO;
				SWIFT_STRICT_CONCURRENCY = complete;
				SWIFT_UPCOMING_FEATURE_MEMBER_IMPORT_VISIBILITY = YES;
				SWIFT_VERSION = 6.0;
				TARGETED_DEVICE_FAMILY = "1,2";
				TEST_TARGET_NAME = StickerGeniOS;
			};
			name = Debug;
		};
		DF2A3E40303C770A006910C8 /* Release */ = {
			isa = XCBuildConfiguration;
			buildSettings = {
				CODE_SIGN_STYLE = Automatic;
				CURRENT_PROJECT_VERSION = 1;
				DEVELOPMENT_TEAM = P9KK452K8P;
				GENERATE_INFOPLIST_FILE = YES;
				IPHONEOS_DEPLOYMENT_TARGET = 26.0;
				MARKETING_VERSION = 1.0;
				PRODUCT_BUNDLE_IDENTIFIER = rxlab.StickerGeniOSUITests;
				PRODUCT_NAME = "$(TARGET_NAME)";
				SDKROOT = iphoneos;
				STRING_CATALOG_GENERATE_SYMBOLS = NO;
				SUPPORTED_PLATFORMS = "iphoneos iphonesimulator";
				SWIFT_APPROACHABLE_CONCURRENCY = YES;
				SWIFT_EMIT_LOC_STRINGS = NO;
				SWIFT_STRICT_CONCURRENCY = complete;
				SWIFT_UPCOMING_FEATURE_MEMBER_IMPORT_VISIBILITY = YES;
				SWIFT_VERSION = 6.0;
				TARGETED_DEVICE_FAMILY = "1,2";
				TEST_TARGET_NAME = StickerGeniOS;
			};
			name = Release;
		};
/* End XCBuildConfiguration section */

/* Begin XCConfigurationList section */
		0421B774BF1786CD977BA020 /* Build configuration list for PBXNativeTarget "StickerAppClip" */ = {
			isa = XCConfigurationList;
			buildConfigurations = (
				7873D1C1FB2E7994A4CCC806 /* Release */,
				807E6CB7126DD60995861B90 /* Debug */,
			);
			defaultConfigurationIsVisible = 0;
			defaultConfigurationName = Release;
		};
		A00000000000000000000013 /* Build configuration list for PBXNativeTarget "StickerMessages" */ = {
			isa = XCConfigurationList;
			buildConfigurations = (
				A00000000000000000000011 /* Debug */,
				A00000000000000000000012 /* Release */,
			);
			defaultConfigurationIsVisible = 0;
			defaultConfigurationName = Release;
		};
		A00000000000000000000031 /* Build configuration list for PBXNativeTarget "StickerMessagesTests" */ = {
			isa = XCConfigurationList;
			buildConfigurations = (
				A00000000000000000000029 /* Debug */,
				A00000000000000000000030 /* Release */,
			);
			defaultConfigurationIsVisible = 0;
			defaultConfigurationName = Release;
		};
		DF2A3E10303C7709006910C8 /* Build configuration list for PBXProject "StickerGeniOS" */ = {
			isa = XCConfigurationList;
			buildConfigurations = (
				DF2A3E36303C770A006910C8 /* Debug */,
				DF2A3E37303C770A006910C8 /* Release */,
			);
			defaultConfigurationIsVisible = 0;
			defaultConfigurationName = Release;
		};
		DF2A3E38303C770A006910C8 /* Build configuration list for PBXNativeTarget "StickerGeniOS" */ = {
			isa = XCConfigurationList;
			buildConfigurations = (
				DF2A3E39303C770A006910C8 /* Debug */,
				DF2A3E3A303C770A006910C8 /* Release */,
			);
			defaultConfigurationIsVisible = 0;
			defaultConfigurationName = Release;
		};
		DF2A3E3B303C770A006910C8 /* Build configuration list for PBXNativeTarget "StickerGeniOSTests" */ = {
			isa = XCConfigurationList;
			buildConfigurations = (
				DF2A3E3C303C770A006910C8 /* Debug */,
				DF2A3E3D303C770A006910C8 /* Release */,
			);
			defaultConfigurationIsVisible = 0;
			defaultConfigurationName = Release;
		};
		DF2A3E3E303C770A006910C8 /* Build configuration list for PBXNativeTarget "StickerGeniOSUITests" */ = {
			isa = XCConfigurationList;
			buildConfigurations = (
				DF2A3E3F303C770A006910C8 /* Debug */,
				DF2A3E40303C770A006910C8 /* Release */,
			);
			defaultConfigurationIsVisible = 0;
			defaultConfigurationName = Release;
		};
		EEC1D5484C6D73A1AA8DF781 /* Build configuration list for PBXNativeTarget "StickerAppClipUITests" */ = {
			isa = XCConfigurationList;
			buildConfigurations = (
				BDF459A33814FB37B4886A29 /* Release */,
				8942F7B6B565FB5F3412E20D /* Debug */,
			);
			defaultConfigurationIsVisible = 0;
			defaultConfigurationName = Release;
		};
/* End XCConfigurationList section */

/* Begin XCLocalSwiftPackageReference section */
		DF2A4292303DD070006910C8 /* XCLocalSwiftPackageReference "packages/AnimatedView" */ = {
			isa = XCLocalSwiftPackageReference;
			relativePath = packages/AnimatedView;
		};
		E10000000000000000000021 /* XCLocalSwiftPackageReference "packages/WASticker" */ = {
			isa = XCLocalSwiftPackageReference;
			relativePath = packages/WASticker;
		};
		E10000000000000000000022 /* XCLocalSwiftPackageReference "packages/VP9Encoder" */ = {
			isa = XCLocalSwiftPackageReference;
			relativePath = packages/VP9Encoder;
		};
/* End XCLocalSwiftPackageReference section */

/* Begin XCRemoteSwiftPackageReference section */
		A00000000000000000000018 /* XCRemoteSwiftPackageReference "RxAuthSwift" */ = {
			isa = XCRemoteSwiftPackageReference;
			repositoryURL = "https://github.com/rxtech-lab/RxAuthSwift";
			requirement = {
				kind = exactVersion;
				version = 1.2.1;
			};
		};
		B00000000000000000000003 /* XCRemoteSwiftPackageReference "Kingfisher" */ = {
			isa = XCRemoteSwiftPackageReference;
			repositoryURL = "https://github.com/onevcat/Kingfisher.git";
			requirement = {
				kind = upToNextMajorVersion;
				minimumVersion = 8.0.0;
			};
		};
		C00000000000000000000001 /* XCRemoteSwiftPackageReference "libwebp-Xcode" */ = {
			isa = XCRemoteSwiftPackageReference;
			repositoryURL = "https://github.com/SDWebImage/libwebp-Xcode";
			requirement = {
				kind = upToNextMajorVersion;
				minimumVersion = 1.6.0;
			};
		};
		DFD465F530487904007C420E /* XCRemoteSwiftPackageReference "RxSubscriptionIOS" */ = {
			isa = XCRemoteSwiftPackageReference;
			repositoryURL = "https://github.com/rxtech-lab/RxSubscriptionIOS";
			requirement = {
				kind = exactVersion;
				version = 1.1.1;
			};
		};
		E10000000000000000000023 /* XCRemoteSwiftPackageReference "TelegramStickersImport" */ = {
			isa = XCRemoteSwiftPackageReference;
			repositoryURL = "https://github.com/TelegramMessenger/TelegramStickersImport";
			requirement = {
				kind = revision;
				revision = b8951c8a02b245142142d341644d0756cf16278c;
			};
		};
/* End XCRemoteSwiftPackageReference section */

/* Begin XCSwiftPackageProductDependency section */
		A00000000000000000000019 /* RxAuthSwift */ = {
			isa = XCSwiftPackageProductDependency;
			package = A00000000000000000000018 /* XCRemoteSwiftPackageReference "RxAuthSwift" */;
			productName = RxAuthSwift;
		};
		A00000000000000000000020 /* RxAuthSwiftUI */ = {
			isa = XCSwiftPackageProductDependency;
			package = A00000000000000000000018 /* XCRemoteSwiftPackageReference "RxAuthSwift" */;
			productName = RxAuthSwiftUI;
		};
		B00000000000000000000002 /* Kingfisher */ = {
			isa = XCSwiftPackageProductDependency;
			package = B00000000000000000000003 /* XCRemoteSwiftPackageReference "Kingfisher" */;
			productName = Kingfisher;
		};
		C00000000000000000000002 /* libwebp */ = {
			isa = XCSwiftPackageProductDependency;
			package = C00000000000000000000001 /* XCRemoteSwiftPackageReference "libwebp-Xcode" */;
			productName = libwebp;
		};
		DF2A4293303DD070006910C8 /* AnimatedView */ = {
			isa = XCSwiftPackageProductDependency;
			productName = AnimatedView;
		};
		DFD465E43048198D007C420E /* RxSubscriptionIOS */ = {
			isa = XCSwiftPackageProductDependency;
			productName = RxSubscriptionIOS;
		};
		DFD465F630487904007C420E /* RxSubscriptionIOS */ = {
			isa = XCSwiftPackageProductDependency;
			package = DFD465F530487904007C420E /* XCRemoteSwiftPackageReference "RxSubscriptionIOS" */;
			productName = RxSubscriptionIOS;
		};
		E10000000000000000000011 /* WASticker */ = {
			isa = XCSwiftPackageProductDependency;
			productName = WASticker;
		};
		E10000000000000000000012 /* VP9Encoder */ = {
			isa = XCSwiftPackageProductDependency;
			productName = VP9Encoder;
		};
		E10000000000000000000013 /* TelegramStickersImport */ = {
			isa = XCSwiftPackageProductDependency;
			package = E10000000000000000000023 /* XCRemoteSwiftPackageReference "TelegramStickersImport" */;
			productName = TelegramStickersImport;
		};
		E10000000000000000000014 /* VP9Encoder */ = {
			isa = XCSwiftPackageProductDependency;
			productName = VP9Encoder;
		};
/* End XCSwiftPackageProductDependency section */
	};
	rootObject = DF2A3E0D303C7709006910C8 /* Project object */;
}
